
Microsoft Visual Studio Solution File, Format Version 12.00
# Visual Studio Version 17
VisualStudioVersion = 17.6.33712.159
MinimumVisualStudioVersion = 10.0.40219.1
Project("{FAE04EC0-301F-11D3-BF4B-00C04F79EFBC}") = "ThAhCo.Orders.Api", "ThAhCo.Orders.Api\ThAhCo.Orders.Api.csproj", "{6AA0897B-F8D7-44AC-ACF6-68FA40E31D57}"
EndProject
Global
	GlobalSection(SolutionConfigurationPlatforms) = preSolution
		Debug|Any CPU = Debug|Any CPU
		Release|Any CPU = Release|Any CPU
	EndGlobalSection
	GlobalSection(ProjectConfigurationPlatforms) = postSolution
		{6AA0897B-F8D7-44AC-ACF6-68FA40E31D57}.Debug|Any CPU.ActiveCfg = Debug|Any CPU
		{6AA0897B-F8D7-44AC-ACF6-68FA40E31D57}.Debug|Any CPU.Build.0 = Debug|Any CPU
		{6AA0897B-F8D7-44AC-ACF6-68FA40E31D57}.Release|Any CPU.ActiveCfg = Release|Any CPU
		{6AA0897B-F8D7-44AC-ACF6-68FA40E31D57}.Release|Any CPU.Build.0 = Release|Any CPU
	EndGlobalSection
	GlobalSection(SolutionProperties) = preSolution
		HideSolutionNode = FALSE
	EndGlobalSection
	GlobalSection(ExtensibilityGlobals) = postSolution
		SolutionGuid = {F26EFA7F-7CD3-4677-A23E-B6D1EC00B3E3}
	EndGlobalSection
EndGlobal
